
Microsoft Visual Studio Solution File, Format Version 12.00
# Visual Studio Version 17
VisualStudioVersion = 17.1.32421.90
MinimumVisualStudioVersion = 10.0.40219.1
Project("{FAE04EC0-301F-11D3-BF4B-00C04F79EFBC}") = "9.het", "9.het\9.het.csproj", "{7378D258-3FDB-4379-BA14-D0B578901755}"
EndProject
Global
	GlobalSection(SolutionConfigurationPlatforms) = preSolution
		Debug|Any CPU = Debug|Any CPU
		Release|Any CPU = Release|Any CPU
	EndGlobalSection
	GlobalSection(ProjectConfigurationPlatforms) = postSolution
		{7378D258-3FDB-4379-BA14-D0B578901755}.Debug|Any CPU.ActiveCfg = Debug|Any CPU
		{7378D258-3FDB-4379-BA14-D0B578901755}.Debug|Any CPU.Build.0 = Debug|Any CPU
		{7378D258-3FDB-4379-BA14-D0B578901755}.Release|Any CPU.ActiveCfg = Release|Any CPU
		{7378D258-3FDB-4379-BA14-D0B578901755}.Release|Any CPU.Build.0 = Release|Any CPU
	EndGlobalSection
	GlobalSection(SolutionProperties) = preSolution
		HideSolutionNode = FALSE
	EndGlobalSection
	GlobalSection(ExtensibilityGlobals) = postSolution
		SolutionGuid = {EF70A3D6-B990-4DF4-937B-35F8551721D8}
	EndGlobalSection
EndGlobal
